{
  "version": "5",
  "specifiers": {
    "jsr:@std/assert@^1.0.15": "1.0.15",
    "jsr:@std/internal@^1.0.12": "1.0.12",
    "npm:@standard-community/standard-json@~0.3.5": "0.3.5_@standard-schema+spec@1.0.0_@types+json-schema@7.0.15_quansync@0.2.11_zod@4.1.12",
    "npm:@standard-schema/spec@1": "1.0.0",
    "npm:dotenv@^17.2.3": "17.2.3",
    "npm:openai@^6.3.0": "6.3.0_zod@4.1.12",
    "npm:pino-pretty@^13.1.2": "13.1.2",
    "npm:pino@10": "10.0.0",
    "npm:zod@^4.1.12": "4.1.12"
  },
  "jsr": {
    "@std/assert@1.0.15": {
      "integrity": "d64018e951dbdfab9777335ecdb000c0b4e3df036984083be219ce5941e4703b",
      "dependencies": [
        "jsr:@std/internal"
      ]
    },
    "@std/internal@1.0.12": {
      "integrity": "972a634fd5bc34b242024402972cd5143eac68d8dffaca5eaa4dba30ce17b027"
    }
  },
  "npm": {
    "@standard-community/standard-json@0.3.5_@standard-schema+spec@1.0.0_@types+json-schema@7.0.15_quansync@0.2.11_zod@4.1.12": {
      "integrity": "sha512-4+ZPorwDRt47i+O7RjyuaxHRK/37QY/LmgxlGrRrSTLYoFatEOzvqIc85GTlM18SFZ5E91C+v0o/M37wZPpUHA==",
      "dependencies": [
        "@standard-schema/spec",
        "@types/json-schema",
        "quansync",
        "zod"
      ],
      "optionalPeers": [
        "zod"
      ],
      "tarball": "https://registry.npmmirror.com/@standard-community/standard-json/-/standard-json-0.3.5.tgz"
    },
    "@standard-schema/spec@1.0.0": {
      "integrity": "sha512-m2bOd0f2RT9k8QJx1JN85cZYyH1RqFBdlwtkSlf4tBDYLCiiZnv1fIIwacK6cqwXavOydf0NPToMQgpKq+dVlA==",
      "tarball": "https://registry.npmmirror.com/@standard-schema/spec/-/spec-1.0.0.tgz"
    },
    "@types/json-schema@7.0.15": {
      "integrity": "sha512-5+fP8P8MFNC+AyZCDxrB2pkZFPGzqQWUzpSeuuVLvm8VMcorNYavBqoFcxK8bQz4Qsbn4oUEEem4wDLfcysGHA==",
      "tarball": "https://registry.npmmirror.com/@types/json-schema/-/json-schema-7.0.15.tgz"
    },
    "atomic-sleep@1.0.0": {
      "integrity": "sha512-kNOjDqAh7px0XWNI+4QbzoiR/nTkHAWNud2uvnJquD1/x5a7EQZMJT0AczqK0Qn67oY/TTQ1LbUKajZpp3I9tQ==",
      "tarball": "https://registry.npmmirror.com/atomic-sleep/-/atomic-sleep-1.0.0.tgz"
    },
    "colorette@2.0.20": {
      "integrity": "sha512-IfEDxwoWIjkeXL1eXcDiow4UbKjhLdq6/EuSVR9GMN7KVH3r9gQ83e73hsz1Nd1T3ijd5xv1wcWRYO+D6kCI2w==",
      "tarball": "https://registry.npmmirror.com/colorette/-/colorette-2.0.20.tgz"
    },
    "dateformat@4.6.3": {
      "integrity": "sha512-2P0p0pFGzHS5EMnhdxQi7aJN+iMheud0UhG4dlE1DLAlvL8JHjJJTX/CSm4JXwV0Ka5nGk3zC5mcb5bUQUxxMA==",
      "tarball": "https://registry.npmmirror.com/dateformat/-/dateformat-4.6.3.tgz"
    },
    "dotenv@17.2.3": {
      "integrity": "sha512-JVUnt+DUIzu87TABbhPmNfVdBDt18BLOWjMUFJMSi/Qqg7NTYtabbvSNJGOJ7afbRuv9D/lngizHtP7QyLQ+9w==",
      "tarball": "https://registry.npmmirror.com/dotenv/-/dotenv-17.2.3.tgz"
    },
    "end-of-stream@1.4.5": {
      "integrity": "sha512-ooEGc6HP26xXq/N+GCGOT0JKCLDGrq2bQUZrQ7gyrJiZANJ/8YDTxTpQBXGMn+WbIQXNVpyWymm7KYVICQnyOg==",
      "dependencies": [
        "once"
      ],
      "tarball": "https://registry.npmmirror.com/end-of-stream/-/end-of-stream-1.4.5.tgz"
    },
    "fast-copy@3.0.2": {
      "integrity": "sha512-dl0O9Vhju8IrcLndv2eU4ldt1ftXMqqfgN4H1cpmGV7P6jeB9FwpN9a2c8DPGE1Ys88rNUJVYDHq73CGAGOPfQ==",
      "tarball": "https://registry.npmmirror.com/fast-copy/-/fast-copy-3.0.2.tgz"
    },
    "fast-safe-stringify@2.1.1": {
      "integrity": "sha512-W+KJc2dmILlPplD/H4K9l9LcAHAfPtP6BY84uVLXQ6Evcz9Lcg33Y2z1IVblT6xdY54PXYVHEv+0Wpq8Io6zkA==",
      "tarball": "https://registry.npmmirror.com/fast-safe-stringify/-/fast-safe-stringify-2.1.1.tgz"
    },
    "help-me@5.0.0": {
      "integrity": "sha512-7xgomUX6ADmcYzFik0HzAxh/73YlKR9bmFzf51CZwR+b6YtzU2m0u49hQCqV6SvlqIqsaxovfwdvbnsw3b/zpg==",
      "tarball": "https://registry.npmmirror.com/help-me/-/help-me-5.0.0.tgz"
    },
    "joycon@3.1.1": {
      "integrity": "sha512-34wB/Y7MW7bzjKRjUKTa46I2Z7eV62Rkhva+KkopW7Qvv/OSWBqvkSY7vusOPrNuZcUG3tApvdVgNB8POj3SPw==",
      "tarball": "https://registry.npmmirror.com/joycon/-/joycon-3.1.1.tgz"
    },
    "minimist@1.2.8": {
      "integrity": "sha512-2yyAR8qBkN3YuheJanUpWC5U3bb5osDywNB8RzDVlDwDHbocAJveqqj1u8+SVD7jkWT4yvsHCpWqqWqAxb0zCA==",
      "tarball": "https://registry.npmmirror.com/minimist/-/minimist-1.2.8.tgz"
    },
    "on-exit-leak-free@2.1.2": {
      "integrity": "sha512-0eJJY6hXLGf1udHwfNftBqH+g73EU4B504nZeKpz1sYRKafAghwxEJunB2O7rDZkL4PGfsMVnTXZ2EjibbqcsA==",
      "tarball": "https://registry.npmmirror.com/on-exit-leak-free/-/on-exit-leak-free-2.1.2.tgz"
    },
    "once@1.4.0": {
      "integrity": "sha512-lNaJgI+2Q5URQBkccEKHTQOPaXdUxnZZElQTZY0MFUAuaEqe1E+Nyvgdz/aIyNi6Z9MzO5dv1H8n58/GELp3+w==",
      "dependencies": [
        "wrappy"
      ],
      "tarball": "https://registry.npmmirror.com/once/-/once-1.4.0.tgz"
    },
    "openai@6.3.0_zod@4.1.12": {
      "integrity": "sha512-E6vOGtZvdcb4yXQ5jXvDlUG599OhIkb/GjBLZXS+qk0HF+PJReIldEc9hM8Ft81vn+N6dRdFRb7BZNK8bbvXrw==",
      "dependencies": [
        "zod"
      ],
      "optionalPeers": [
        "zod"
      ],
      "bin": true,
      "tarball": "https://registry.npmmirror.com/openai/-/openai-6.3.0.tgz"
    },
    "pino-abstract-transport@2.0.0": {
      "integrity": "sha512-F63x5tizV6WCh4R6RHyi2Ml+M70DNRXt/+HANowMflpgGFMAym/VKm6G7ZOQRjqN7XbGxK1Lg9t6ZrtzOaivMw==",
      "dependencies": [
        "split2"
      ],
      "tarball": "https://registry.npmmirror.com/pino-abstract-transport/-/pino-abstract-transport-2.0.0.tgz"
    },
    "pino-pretty@13.1.2": {
      "integrity": "sha512-3cN0tCakkT4f3zo9RXDIhy6GTvtYD6bK4CRBLN9j3E/ePqN1tugAXD5rGVfoChW6s0hiek+eyYlLNqc/BG7vBQ==",
      "dependencies": [
        "colorette",
        "dateformat",
        "fast-copy",
        "fast-safe-stringify",
        "help-me",
        "joycon",
        "minimist",
        "on-exit-leak-free",
        "pino-abstract-transport",
        "pump",
        "secure-json-parse",
        "sonic-boom",
        "strip-json-comments"
      ],
      "bin": true,
      "tarball": "https://registry.npmmirror.com/pino-pretty/-/pino-pretty-13.1.2.tgz"
    },
    "pino-std-serializers@7.0.0": {
      "integrity": "sha512-e906FRY0+tV27iq4juKzSYPbUj2do2X2JX4EzSca1631EB2QJQUqGbDuERal7LCtOpxl6x3+nvo9NPZcmjkiFA==",
      "tarball": "https://registry.npmmirror.com/pino-std-serializers/-/pino-std-serializers-7.0.0.tgz"
    },
    "pino@10.0.0": {
      "integrity": "sha512-eI9pKwWEix40kfvSzqEP6ldqOoBIN7dwD/o91TY5z8vQI12sAffpR/pOqAD1IVVwIVHDpHjkq0joBPdJD0rafA==",
      "dependencies": [
        "atomic-sleep",
        "on-exit-leak-free",
        "pino-abstract-transport",
        "pino-std-serializers",
        "process-warning",
        "quick-format-unescaped",
        "real-require",
        "safe-stable-stringify",
        "slow-redact",
        "sonic-boom",
        "thread-stream"
      ],
      "bin": true,
      "tarball": "https://registry.npmmirror.com/pino/-/pino-10.0.0.tgz"
    },
    "process-warning@5.0.0": {
      "integrity": "sha512-a39t9ApHNx2L4+HBnQKqxxHNs1r7KF+Intd8Q/g1bUh6q0WIp9voPXJ/x0j+ZL45KF1pJd9+q2jLIRMfvEshkA==",
      "tarball": "https://registry.npmmirror.com/process-warning/-/process-warning-5.0.0.tgz"
    },
    "pump@3.0.3": {
      "integrity": "sha512-todwxLMY7/heScKmntwQG8CXVkWUOdYxIvY2s0VWAAMh/nd8SoYiRaKjlr7+iCs984f2P8zvrfWcDDYVb73NfA==",
      "dependencies": [
        "end-of-stream",
        "once"
      ],
      "tarball": "https://registry.npmmirror.com/pump/-/pump-3.0.3.tgz"
    },
    "quansync@0.2.11": {
      "integrity": "sha512-AifT7QEbW9Nri4tAwR5M/uzpBuqfZf+zwaEM/QkzEjj7NBuFD2rBuy0K3dE+8wltbezDV7JMA0WfnCPYRSYbXA==",
      "tarball": "https://registry.npmmirror.com/quansync/-/quansync-0.2.11.tgz"
    },
    "quick-format-unescaped@4.0.4": {
      "integrity": "sha512-tYC1Q1hgyRuHgloV/YXs2w15unPVh8qfu/qCTfhTYamaw7fyhumKa2yGpdSo87vY32rIclj+4fWYQXUMs9EHvg==",
      "tarball": "https://registry.npmmirror.com/quick-format-unescaped/-/quick-format-unescaped-4.0.4.tgz"
    },
    "real-require@0.2.0": {
      "integrity": "sha512-57frrGM/OCTLqLOAh0mhVA9VBMHd+9U7Zb2THMGdBUoZVOtGbJzjxsYGDJ3A9AYYCP4hn6y1TVbaOfzWtm5GFg==",
      "tarball": "https://registry.npmmirror.com/real-require/-/real-require-0.2.0.tgz"
    },
    "safe-stable-stringify@2.5.0": {
      "integrity": "sha512-b3rppTKm9T+PsVCBEOUR46GWI7fdOs00VKZ1+9c1EWDaDMvjQc6tUwuFyIprgGgTcWoVHSKrU8H31ZHA2e0RHA==",
      "tarball": "https://registry.npmmirror.com/safe-stable-stringify/-/safe-stable-stringify-2.5.0.tgz"
    },
    "secure-json-parse@4.1.0": {
      "integrity": "sha512-l4KnYfEyqYJxDwlNVyRfO2E4NTHfMKAWdUuA8J0yve2Dz/E/PdBepY03RvyJpssIpRFwJoCD55wA+mEDs6ByWA==",
      "tarball": "https://registry.npmmirror.com/secure-json-parse/-/secure-json-parse-4.1.0.tgz"
    },
    "slow-redact@0.3.1": {
      "integrity": "sha512-NvFvl1GuLZNW4U046Tfi8b26zXo8aBzgCAS2f7yVJR/fArN93mOqSA99cB9uITm92ajSz01bsu1K7SCVVjIMpQ==",
      "tarball": "https://registry.npmmirror.com/slow-redact/-/slow-redact-0.3.1.tgz"
    },
    "sonic-boom@4.2.0": {
      "integrity": "sha512-INb7TM37/mAcsGmc9hyyI6+QR3rR1zVRu36B0NeGXKnOOLiZOfER5SA+N7X7k3yUYRzLWafduTDvJAfDswwEww==",
      "dependencies": [
        "atomic-sleep"
      ],
      "tarball": "https://registry.npmmirror.com/sonic-boom/-/sonic-boom-4.2.0.tgz"
    },
    "split2@4.2.0": {
      "integrity": "sha512-UcjcJOWknrNkF6PLX83qcHM6KHgVKNkV62Y8a5uYDVv9ydGQVwAHMKqHdJje1VTWpljG0WYpCDhrCdAOYH4TWg==",
      "tarball": "https://registry.npmmirror.com/split2/-/split2-4.2.0.tgz"
    },
    "strip-json-comments@5.0.3": {
      "integrity": "sha512-1tB5mhVo7U+ETBKNf92xT4hrQa3pm0MZ0PQvuDnWgAAGHDsfp4lPSpiS6psrSiet87wyGPh9ft6wmhOMQ0hDiw==",
      "tarball": "https://registry.npmmirror.com/strip-json-comments/-/strip-json-comments-5.0.3.tgz"
    },
    "thread-stream@3.1.0": {
      "integrity": "sha512-OqyPZ9u96VohAyMfJykzmivOrY2wfMSf3C5TtFJVgN+Hm6aj+voFhlK+kZEIv2FBh1X6Xp3DlnCOfEQ3B2J86A==",
      "dependencies": [
        "real-require"
      ],
      "tarball": "https://registry.npmmirror.com/thread-stream/-/thread-stream-3.1.0.tgz"
    },
    "wrappy@1.0.2": {
      "integrity": "sha512-l4Sp/DRseor9wL6EvV2+TuQn63dMkPjZ/sp9XkghTEbV9KlPS1xUsZ3u7/IQO4wxtcFB4bgpQPRcR3QCvezPcQ==",
      "tarball": "https://registry.npmmirror.com/wrappy/-/wrappy-1.0.2.tgz"
    },
    "zod@4.1.12": {
      "integrity": "sha512-JInaHOamG8pt5+Ey8kGmdcAcg3OL9reK8ltczgHTAwNhMys/6ThXHityHxVV2p3fkw/c+MAvBHFVYHFZDmjMCQ==",
      "tarball": "https://registry.npmmirror.com/zod/-/zod-4.1.12.tgz"
    }
  },
  "workspace": {
    "dependencies": [
      "jsr:@std/assert@^1.0.15",
      "npm:@standard-community/standard-json@~0.3.5",
      "npm:@standard-schema/spec@1",
      "npm:dotenv@^17.2.3",
      "npm:openai@^6.3.0",
      "npm:pino-pretty@^13.1.2",
      "npm:pino@10",
      "npm:zod@^4.1.12"
    ]
  }
}
